<Solution>
  <Folder Name="/API/">
    <Project Path="ScheduleDispatch.API/ScheduleDispatch.API.csproj" Id="cf2f8b4d-5f80-4013-9406-822b2e239ffc" />
  </Folder>
  <Folder Name="/Jobs/">
    <Project Path="Jobs.Application/Jobs.Application.csproj" />
    <Project Path="Jobs.Domain/Jobs.Domain.csproj" />
    <Project Path="Jobs.Infrastructure/Jobs.Infrastructure.csproj" />
  </Folder>
  <Folder Name="/Organization/">
    <Project Path="Organization.Application/Organization.Application.csproj" Id="dfc78d16-2a68-4177-8cd8-68b030377ed7" />
    <Project Path="Organization.Domain/Organization.Domain.csproj" Id="64b2ed9a-3a37-42d9-8ab7-8529ae421ddf" />
    <Project Path="Organization.Infrastructure/Organization.Infrastructure.csproj" Id="237eac7a-38c7-4ea3-87ae-c24c7d3bdd38" />
  </Folder>
  <Folder Name="/Shared/">
    <Project Path="SharedKernel/SharedKernel.csproj" />
  </Folder>
  <Project Path="ScheduleDispatch.UI.Services/ScheduleDispatch.UI.Services.csproj" Id="553447c1-c966-427d-ab4b-b5cacf34b90a" />
  <Project Path="ScheduleDispatch.Web.Client/ScheduleDispatch.Web.Client.csproj" />
  <Project Path="ScheduleDispatch.Web/ScheduleDispatch.Web.csproj" />
</Solution>
